
Microsoft Visual Studio Solution File, Format Version 12.00
# Visual Studio 15
VisualStudioVersion = 15.0.26124.0
MinimumVisualStudioVersion = 15.0.26124.0
Project("{FAE04EC0-301F-11D3-BF4B-00C04F79EFBC}") = "application", "Api.Application\application.csproj", "{1BE597A3-FA18-424B-822D-3554A6394054}"
EndProject
Project("{FAE04EC0-301F-11D3-BF4B-00C04F79EFBC}") = "Domain", "Api.Domain\Domain.csproj", "{D0459909-DCAD-41C0-857B-D9CCC45A3FDA}"
EndProject
Project("{FAE04EC0-301F-11D3-BF4B-00C04F79EFBC}") = "CrossCutting", "Api.CrossCutting\CrossCutting.csproj", "{3F6C50B5-8319-49ED-9F47-335D2D73842C}"
EndProject
Project("{FAE04EC0-301F-11D3-BF4B-00C04F79EFBC}") = "Data", "Api.Data\Data.csproj", "{2755D654-2917-41C7-9AAE-1E12D1DD1CFD}"
EndProject
Project("{FAE04EC0-301F-11D3-BF4B-00C04F79EFBC}") = "Service", "Api.Service\Service.csproj", "{18F353F1-89B9-4751-AE10-F16F3C5C3269}"
EndProject
Project("{FAE04EC0-301F-11D3-BF4B-00C04F79EFBC}") = "Data.Test", "Data.Test\Data.Test.csproj", "{A7E36440-97D3-45BD-96E8-B88FAB47906E}"
EndProject
Project("{FAE04EC0-301F-11D3-BF4B-00C04F79EFBC}") = "Service.Test", "Service.Test\Service.Test.csproj", "{A9DCCA32-8431-4001-82FD-1EF5F7E09EB0}"
EndProject
Global
	GlobalSection(SolutionConfigurationPlatforms) = preSolution
		Debug|Any CPU = Debug|Any CPU
		Debug|x64 = Debug|x64
		Debug|x86 = Debug|x86
		Release|Any CPU = Release|Any CPU
		Release|x64 = Release|x64
		Release|x86 = Release|x86
	EndGlobalSection
	GlobalSection(SolutionProperties) = preSolution
		HideSolutionNode = FALSE
	EndGlobalSection
	GlobalSection(ProjectConfigurationPlatforms) = postSolution
		{1BE597A3-FA18-424B-822D-3554A6394054}.Debug|Any CPU.ActiveCfg = Debug|Any CPU
		{1BE597A3-FA18-424B-822D-3554A6394054}.Debug|Any CPU.Build.0 = Debug|Any CPU
		{1BE597A3-FA18-424B-822D-3554A6394054}.Debug|x64.ActiveCfg = Debug|Any CPU
		{1BE597A3-FA18-424B-822D-3554A6394054}.Debug|x64.Build.0 = Debug|Any CPU
		{1BE597A3-FA18-424B-822D-3554A6394054}.Debug|x86.ActiveCfg = Debug|Any CPU
		{1BE597A3-FA18-424B-822D-3554A6394054}.Debug|x86.Build.0 = Debug|Any CPU
		{1BE597A3-FA18-424B-822D-3554A6394054}.Release|Any CPU.ActiveCfg = Release|Any CPU
		{1BE597A3-FA18-424B-822D-3554A6394054}.Release|Any CPU.Build.0 = Release|Any CPU
		{1BE597A3-FA18-424B-822D-3554A6394054}.Release|x64.ActiveCfg = Release|Any CPU
		{1BE597A3-FA18-424B-822D-3554A6394054}.Release|x64.Build.0 = Release|Any CPU
		{1BE597A3-FA18-424B-822D-3554A6394054}.Release|x86.ActiveCfg = Release|Any CPU
		{1BE597A3-FA18-424B-822D-3554A6394054}.Release|x86.Build.0 = Release|Any CPU
		{D0459909-DCAD-41C0-857B-D9CCC45A3FDA}.Debug|Any CPU.ActiveCfg = Debug|Any CPU
		{D0459909-DCAD-41C0-857B-D9CCC45A3FDA}.Debug|Any CPU.Build.0 = Debug|Any CPU
		{D0459909-DCAD-41C0-857B-D9CCC45A3FDA}.Debug|x64.ActiveCfg = Debug|Any CPU
		{D0459909-DCAD-41C0-857B-D9CCC45A3FDA}.Debug|x64.Build.0 = Debug|Any CPU
		{D0459909-DCAD-41C0-857B-D9CCC45A3FDA}.Debug|x86.ActiveCfg = Debug|Any CPU
		{D0459909-DCAD-41C0-857B-D9CCC45A3FDA}.Debug|x86.Build.0 = Debug|Any CPU
		{D0459909-DCAD-41C0-857B-D9CCC45A3FDA}.Release|Any CPU.ActiveCfg = Release|Any CPU
		{D0459909-DCAD-41C0-857B-D9CCC45A3FDA}.Release|Any CPU.Build.0 = Release|Any CPU
		{D0459909-DCAD-41C0-857B-D9CCC45A3FDA}.Release|x64.ActiveCfg = Release|Any CPU
		{D0459909-DCAD-41C0-857B-D9CCC45A3FDA}.Release|x64.Build.0 = Release|Any CPU
		{D0459909-DCAD-41C0-857B-D9CCC45A3FDA}.Release|x86.ActiveCfg = Release|Any CPU
		{D0459909-DCAD-41C0-857B-D9CCC45A3FDA}.Release|x86.Build.0 = Release|Any CPU
		{3F6C50B5-8319-49ED-9F47-335D2D73842C}.Debug|Any CPU.ActiveCfg = Debug|Any CPU
		{3F6C50B5-8319-49ED-9F47-335D2D73842C}.Debug|Any CPU.Build.0 = Debug|Any CPU
		{3F6C50B5-8319-49ED-9F47-335D2D73842C}.Debug|x64.ActiveCfg = Debug|Any CPU
		{3F6C50B5-8319-49ED-9F47-335D2D73842C}.Debug|x64.Build.0 = Debug|Any CPU
		{3F6C50B5-8319-49ED-9F47-335D2D73842C}.Debug|x86.ActiveCfg = Debug|Any CPU
		{3F6C50B5-8319-49ED-9F47-335D2D73842C}.Debug|x86.Build.0 = Debug|Any CPU
		{3F6C50B5-8319-49ED-9F47-335D2D73842C}.Release|Any CPU.ActiveCfg = Release|Any CPU
		{3F6C50B5-8319-49ED-9F47-335D2D73842C}.Release|Any CPU.Build.0 = Release|Any CPU
		{3F6C50B5-8319-49ED-9F47-335D2D73842C}.Release|x64.ActiveCfg = Release|Any CPU
		{3F6C50B5-8319-49ED-9F47-335D2D73842C}.Release|x64.Build.0 = Release|Any CPU
		{3F6C50B5-8319-49ED-9F47-335D2D73842C}.Release|x86.ActiveCfg = Release|Any CPU
		{3F6C50B5-8319-49ED-9F47-335D2D73842C}.Release|x86.Build.0 = Release|Any CPU
		{2755D654-2917-41C7-9AAE-1E12D1DD1CFD}.Debug|Any CPU.ActiveCfg = Debug|Any CPU
		{2755D654-2917-41C7-9AAE-1E12D1DD1CFD}.Debug|Any CPU.Build.0 = Debug|Any CPU
		{2755D654-2917-41C7-9AAE-1E12D1DD1CFD}.Debug|x64.ActiveCfg = Debug|Any CPU
		{2755D654-2917-41C7-9AAE-1E12D1DD1CFD}.Debug|x64.Build.0 = Debug|Any CPU
		{2755D654-2917-41C7-9AAE-1E12D1DD1CFD}.Debug|x86.ActiveCfg = Debug|Any CPU
		{2755D654-2917-41C7-9AAE-1E12D1DD1CFD}.Debug|x86.Build.0 = Debug|Any CPU
		{2755D654-2917-41C7-9AAE-1E12D1DD1CFD}.Release|Any CPU.ActiveCfg = Release|Any CPU
		{2755D654-2917-41C7-9AAE-1E12D1DD1CFD}.Release|Any CPU.Build.0 = Release|Any CPU
		{2755D654-2917-41C7-9AAE-1E12D1DD1CFD}.Release|x64.ActiveCfg = Release|Any CPU
		{2755D654-2917-41C7-9AAE-1E12D1DD1CFD}.Release|x64.Build.0 = Release|Any CPU
		{2755D654-2917-41C7-9AAE-1E12D1DD1CFD}.Release|x86.ActiveCfg = Release|Any CPU
		{2755D654-2917-41C7-9AAE-1E12D1DD1CFD}.Release|x86.Build.0 = Release|Any CPU
		{18F353F1-89B9-4751-AE10-F16F3C5C3269}.Debug|Any CPU.ActiveCfg = Debug|Any CPU
		{18F353F1-89B9-4751-AE10-F16F3C5C3269}.Debug|Any CPU.Build.0 = Debug|Any CPU
		{18F353F1-89B9-4751-AE10-F16F3C5C3269}.Debug|x64.ActiveCfg = Debug|Any CPU
		{18F353F1-89B9-4751-AE10-F16F3C5C3269}.Debug|x64.Build.0 = Debug|Any CPU
		{18F353F1-89B9-4751-AE10-F16F3C5C3269}.Debug|x86.ActiveCfg = Debug|Any CPU
		{18F353F1-89B9-4751-AE10-F16F3C5C3269}.Debug|x86.Build.0 = Debug|Any CPU
		{18F353F1-89B9-4751-AE10-F16F3C5C3269}.Release|Any CPU.ActiveCfg = Release|Any CPU
		{18F353F1-89B9-4751-AE10-F16F3C5C3269}.Release|Any CPU.Build.0 = Release|Any CPU
		{18F353F1-89B9-4751-AE10-F16F3C5C3269}.Release|x64.ActiveCfg = Release|Any CPU
		{18F353F1-89B9-4751-AE10-F16F3C5C3269}.Release|x64.Build.0 = Release|Any CPU
		{18F353F1-89B9-4751-AE10-F16F3C5C3269}.Release|x86.ActiveCfg = Release|Any CPU
		{18F353F1-89B9-4751-AE10-F16F3C5C3269}.Release|x86.Build.0 = Release|Any CPU
		{A7E36440-97D3-45BD-96E8-B88FAB47906E}.Debug|Any CPU.ActiveCfg = Debug|Any CPU
		{A7E36440-97D3-45BD-96E8-B88FAB47906E}.Debug|Any CPU.Build.0 = Debug|Any CPU
		{A7E36440-97D3-45BD-96E8-B88FAB47906E}.Debug|x64.ActiveCfg = Debug|Any CPU
		{A7E36440-97D3-45BD-96E8-B88FAB47906E}.Debug|x64.Build.0 = Debug|Any CPU
		{A7E36440-97D3-45BD-96E8-B88FAB47906E}.Debug|x86.ActiveCfg = Debug|Any CPU
		{A7E36440-97D3-45BD-96E8-B88FAB47906E}.Debug|x86.Build.0 = Debug|Any CPU
		{A7E36440-97D3-45BD-96E8-B88FAB47906E}.Release|Any CPU.ActiveCfg = Release|Any CPU
		{A7E36440-97D3-45BD-96E8-B88FAB47906E}.Release|Any CPU.Build.0 = Release|Any CPU
		{A7E36440-97D3-45BD-96E8-B88FAB47906E}.Release|x64.ActiveCfg = Release|Any CPU
		{A7E36440-97D3-45BD-96E8-B88FAB47906E}.Release|x64.Build.0 = Release|Any CPU
		{A7E36440-97D3-45BD-96E8-B88FAB47906E}.Release|x86.ActiveCfg = Release|Any CPU
		{A7E36440-97D3-45BD-96E8-B88FAB47906E}.Release|x86.Build.0 = Release|Any CPU
		{A9DCCA32-8431-4001-82FD-1EF5F7E09EB0}.Debug|Any CPU.ActiveCfg = Debug|Any CPU
		{A9DCCA32-8431-4001-82FD-1EF5F7E09EB0}.Debug|Any CPU.Build.0 = Debug|Any CPU
		{A9DCCA32-8431-4001-82FD-1EF5F7E09EB0}.Debug|x64.ActiveCfg = Debug|Any CPU
		{A9DCCA32-8431-4001-82FD-1EF5F7E09EB0}.Debug|x64.Build.0 = Debug|Any CPU
		{A9DCCA32-8431-4001-82FD-1EF5F7E09EB0}.Debug|x86.ActiveCfg = Debug|Any CPU
		{A9DCCA32-8431-4001-82FD-1EF5F7E09EB0}.Debug|x86.Build.0 = Debug|Any CPU
		{A9DCCA32-8431-4001-82FD-1EF5F7E09EB0}.Release|Any CPU.ActiveCfg = Release|Any CPU
		{A9DCCA32-8431-4001-82FD-1EF5F7E09EB0}.Release|Any CPU.Build.0 = Release|Any CPU
		{A9DCCA32-8431-4001-82FD-1EF5F7E09EB0}.Release|x64.ActiveCfg = Release|Any CPU
		{A9DCCA32-8431-4001-82FD-1EF5F7E09EB0}.Release|x64.Build.0 = Release|Any CPU
		{A9DCCA32-8431-4001-82FD-1EF5F7E09EB0}.Release|x86.ActiveCfg = Release|Any CPU
		{A9DCCA32-8431-4001-82FD-1EF5F7E09EB0}.Release|x86.Build.0 = Release|Any CPU
	EndGlobalSection
EndGlobal
